// !$*UTF8*$!
{
	archiveVersion = 1;
	classes = {
	};
	objectVersion = 46;
	objects = {

/* Begin PBXBuildFile section */
		7FD7DE1215C03D3D00DCA702 /* UIKit.framework in Frameworks */ = {isa = PBXBuildFile; fileRef = 7FD7DE1115C03D3D00DCA702 /* UIKit.framework */; };
		7FD7DE1415C03D3D00DCA702 /* Foundation.framework in Frameworks */ = {isa = PBXBuildFile; fileRef = 7FD7DE1315C03D3D00DCA702 /* Foundation.framework */; };
		7FD7DE1615C03D3D00DCA702 /* CoreGraphics.framework in Frameworks */ = {isa = PBXBuildFile; fileRef = 7FD7DE1515C03D3D00DCA702 /* CoreGraphics.framework */; };
		7FD7DE1C15C03D3D00DCA702 /* InfoPlist.strings in Resources */ = {isa = PBXBuildFile; fileRef = 7FD7DE1A15C03D3D00DCA702 /* InfoPlist.strings */; };
		7FD7DE1E15C03D3D00DCA702 /* main.m in Sources */ = {isa = PBXBuildFile; fileRef = 7FD7DE1D15C03D3D00DCA702 /* main.m */; };
		7FD7DE2215C03D3D00DCA702 /* AppDelegate.m in Sources */ = {isa = PBXBuildFile; fileRef = 7FD7DE2115C03D3D00DCA702 /* AppDelegate.m */; };
		7FD7DE2915C03D5100DCA702 /* QuartzCore.framework in Frameworks */ = {isa = PBXBuildFile; fileRef = 7FD7DE2815C03D5100DCA702 /* QuartzCore.framework */; };
		7FD7DE2D15C03DBB00DCA702 /* RootViewController.m in Sources */ = {isa = PBXBuildFile; fileRef = 7FD7DE2B15C03DBB00DCA702 /* RootViewController.m */; };
		7FD7DE2E15C03DBB00DCA702 /* RootViewController.xib in Resources */ = {isa = PBXBuildFile; fileRef = 7FD7DE2C15C03DBB00DCA702 /* RootViewController.xib */; };
		7FD7DE3315C0405400DCA702 /* UIColor-Expanded.m in Sources */ = {isa = PBXBuildFile; fileRef = 7FD7DE3015C0405400DCA702 /* UIColor-Expanded.m */; };
		7FD7DE3415C0405400DCA702 /* UIColor+Crayons.m in Sources */ = {isa = PBXBuildFile; fileRef = 7FD7DE3215C0405400DCA702 /* UIColor+Crayons.m */; };
		7FD7DE3C15C042DE00DCA702 /* RandomViewController.m in Sources */ = {isa = PBXBuildFile; fileRef = 7FD7DE3A15C042DE00DCA702 /* RandomViewController.m */; };
		7FD7DE3D15C042DE00DCA702 /* RandomViewController.xib in Resources */ = {isa = PBXBuildFile; fileRef = 7FD7DE3B15C042DE00DCA702 /* RandomViewController.xib */; };
		7FD7DE4015C0465100DCA702 /* ContentKey.m in Sources */ = {isa = PBXBuildFile; fileRef = 7FD7DE3F15C0465000DCA702 /* ContentKey.m */; };
		7FD7DE4515C05B4900DCA702 /* key01.png in Resources */ = {isa = PBXBuildFile; fileRef = 7FD7DE4315C05B4900DCA702 /* key01.png */; };
/* End PBXBuildFile section */

/* Begin PBXFileReference section */
		7FD7DE0D15C03D3D00DCA702 /* HUDs02.app */ = {isa = PBXFileReference; explicitFileType = wrapper.application; includeInIndex = 0; path = HUDs02.app; sourceTree = BUILT_PRODUCTS_DIR; };
		7FD7DE1115C03D3D00DCA702 /* UIKit.framework */ = {isa = PBXFileReference; lastKnownFileType = wrapper.framework; name = UIKit.framework; path = System/Library/Frameworks/UIKit.framework; sourceTree = SDKROOT; };
		7FD7DE1315C03D3D00DCA702 /* Foundation.framework */ = {isa = PBXFileReference; lastKnownFileType = wrapper.framework; name = Foundation.framework; path = System/Library/Frameworks/Foundation.framework; sourceTree = SDKROOT; };
		7FD7DE1515C03D3D00DCA702 /* CoreGraphics.framework */ = {isa = PBXFileReference; lastKnownFileType = wrapper.framework; name = CoreGraphics.framework; path = System/Library/Frameworks/CoreGraphics.framework; sourceTree = SDKROOT; };
		7FD7DE1915C03D3D00DCA702 /* HUDs02-Info.plist */ = {isa = PBXFileReference; lastKnownFileType = text.plist.xml; path = "HUDs02-Info.plist"; sourceTree = "<group>"; };
		7FD7DE1B15C03D3D00DCA702 /* en */ = {isa = PBXFileReference; lastKnownFileType = text.plist.strings; name = en; path = en.lproj/InfoPlist.strings; sourceTree = "<group>"; };
		7FD7DE1D15C03D3D00DCA702 /* main.m */ = {isa = PBXFileReference; lastKnownFileType = sourcecode.c.objc; path = main.m; sourceTree = "<group>"; };
		7FD7DE1F15C03D3D00DCA702 /* HUDs02-Prefix.pch */ = {isa = PBXFileReference; lastKnownFileType = sourcecode.c.h; path = "HUDs02-Prefix.pch"; sourceTree = "<group>"; };
		7FD7DE2015C03D3D00DCA702 /* AppDelegate.h */ = {isa = PBXFileReference; lastKnownFileType = sourcecode.c.h; path = AppDelegate.h; sourceTree = "<group>"; };
		7FD7DE2115C03D3D00DCA702 /* AppDelegate.m */ = {isa = PBXFileReference; lastKnownFileType = sourcecode.c.objc; path = AppDelegate.m; sourceTree = "<group>"; };
		7FD7DE2815C03D5100DCA702 /* QuartzCore.framework */ = {isa = PBXFileReference; lastKnownFileType = wrapper.framework; name = QuartzCore.framework; path = System/Library/Frameworks/QuartzCore.framework; sourceTree = SDKROOT; };
		7FD7DE2A15C03DBB00DCA702 /* RootViewController.h */ = {isa = PBXFileReference; fileEncoding = 4; lastKnownFileType = sourcecode.c.h; path = RootViewController.h; sourceTree = "<group>"; };
		7FD7DE2B15C03DBB00DCA702 /* RootViewController.m */ = {isa = PBXFileReference; fileEncoding = 4; lastKnownFileType = sourcecode.c.objc; path = RootViewController.m; sourceTree = "<group>"; };
		7FD7DE2C15C03DBB00DCA702 /* RootViewController.xib */ = {isa = PBXFileReference; fileEncoding = 4; lastKnownFileType = file.xib; path = RootViewController.xib; sourceTree = "<group>"; };
		7FD7DE2F15C0405400DCA702 /* UIColor-Expanded.h */ = {isa = PBXFileReference; fileEncoding = 4; lastKnownFileType = sourcecode.c.h; path = "UIColor-Expanded.h"; sourceTree = "<group>"; };
		7FD7DE3015C0405400DCA702 /* UIColor-Expanded.m */ = {isa = PBXFileReference; fileEncoding = 4; lastKnownFileType = sourcecode.c.objc; path = "UIColor-Expanded.m"; sourceTree = "<group>"; };
		7FD7DE3115C0405400DCA702 /* UIColor+Crayons.h */ = {isa = PBXFileReference; fileEncoding = 4; lastKnownFileType = sourcecode.c.h; path = "UIColor+Crayons.h"; sourceTree = "<group>"; };
		7FD7DE3215C0405400DCA702 /* UIColor+Crayons.m */ = {isa = PBXFileReference; fileEncoding = 4; lastKnownFileType = sourcecode.c.objc; path = "UIColor+Crayons.m"; sourceTree = "<group>"; };
		7FD7DE3915C042DE00DCA702 /* RandomViewController.h */ = {isa = PBXFileReference; fileEncoding = 4; lastKnownFileType = sourcecode.c.h; path = RandomViewController.h; sourceTree = "<group>"; };
		7FD7DE3A15C042DE00DCA702 /* RandomViewController.m */ = {isa = PBXFileReference; fileEncoding = 4; lastKnownFileType = sourcecode.c.objc; path = RandomViewController.m; sourceTree = "<group>"; };
		7FD7DE3B15C042DE00DCA702 /* RandomViewController.xib */ = {isa = PBXFileReference; fileEncoding = 4; lastKnownFileType = file.xib; path = RandomViewController.xib; sourceTree = "<group>"; };
		7FD7DE3E15C0465000DCA702 /* ContentKey.h */ = {isa = PBXFileReference; fileEncoding = 4; lastKnownFileType = sourcecode.c.h; path = ContentKey.h; sourceTree = "<group>"; };
		7FD7DE3F15C0465000DCA702 /* ContentKey.m */ = {isa = PBXFileReference; fileEncoding = 4; lastKnownFileType = sourcecode.c.objc; path = ContentKey.m; sourceTree = "<group>"; };
		7FD7DE4115C0560B00DCA702 /* ContentKeyController.h */ = {isa = PBXFileReference; lastKnownFileType = sourcecode.c.h; path = ContentKeyController.h; sourceTree = "<group>"; };
		7FD7DE4315C05B4900DCA702 /* key01.png */ = {isa = PBXFileReference; lastKnownFileType = image.png; path = key01.png; sourceTree = "<group>"; };
/* End PBXFileReference section */

/* Begin PBXFrameworksBuildPhase section */
		7FD7DE0A15C03D3D00DCA702 /* Frameworks */ = {
			isa = PBXFrameworksBuildPhase;
			buildActionMask = 2147483647;
			files = (
				7FD7DE2915C03D5100DCA702 /* QuartzCore.framework in Frameworks */,
				7FD7DE1215C03D3D00DCA702 /* UIKit.framework in Frameworks */,
				7FD7DE1415C03D3D00DCA702 /* Foundation.framework in Frameworks */,
				7FD7DE1615C03D3D00DCA702 /* CoreGraphics.framework in Frameworks */,
			);
			runOnlyForDeploymentPostprocessing = 0;
		};
/* End PBXFrameworksBuildPhase section */

/* Begin PBXGroup section */
		7FD7DE0215C03D3D00DCA702 = {
			isa = PBXGroup;
			children = (
				7FD7DE1715C03D3D00DCA702 /* HUDs02 */,
				7FD7DE1015C03D3D00DCA702 /* Frameworks */,
				7FD7DE0E15C03D3D00DCA702 /* Products */,
			);
			sourceTree = "<group>";
		};
		7FD7DE0E15C03D3D00DCA702 /* Products */ = {
			isa = PBXGroup;
			children = (
				7FD7DE0D15C03D3D00DCA702 /* HUDs02.app */,
			);
			name = Products;
			sourceTree = "<group>";
		};
		7FD7DE1015C03D3D00DCA702 /* Frameworks */ = {
			isa = PBXGroup;
			children = (
				7FD7DE2815C03D5100DCA702 /* QuartzCore.framework */,
				7FD7DE1115C03D3D00DCA702 /* UIKit.framework */,
				7FD7DE1315C03D3D00DCA702 /* Foundation.framework */,
				7FD7DE1515C03D3D00DCA702 /* CoreGraphics.framework */,
			);
			name = Frameworks;
			sourceTree = "<group>";
		};
		7FD7DE1715C03D3D00DCA702 /* HUDs02 */ = {
			isa = PBXGroup;
			children = (
				7FD7DE4715C0642100DCA702 /* Colors */,
				7FD7DE4215C05B3400DCA702 /* Reference Grids */,
				7FD7DE2015C03D3D00DCA702 /* AppDelegate.h */,
				7FD7DE2115C03D3D00DCA702 /* AppDelegate.m */,
				7FD7DE1815C03D3D00DCA702 /* Supporting Files */,
				7FD7DE2A15C03DBB00DCA702 /* RootViewController.h */,
				7FD7DE2B15C03DBB00DCA702 /* RootViewController.m */,
				7FD7DE2C15C03DBB00DCA702 /* RootViewController.xib */,
				7FD7DE3915C042DE00DCA702 /* RandomViewController.h */,
				7FD7DE3A15C042DE00DCA702 /* RandomViewController.m */,
				7FD7DE3B15C042DE00DCA702 /* RandomViewController.xib */,
				7FD7DE3E15C0465000DCA702 /* ContentKey.h */,
				7FD7DE3F15C0465000DCA702 /* ContentKey.m */,
				7FD7DE4115C0560B00DCA702 /* ContentKeyController.h */,
			);
			path = HUDs02;
			sourceTree = "<group>";
		};
		7FD7DE1815C03D3D00DCA702 /* Supporting Files */ = {
			isa = PBXGroup;
			children = (
				7FD7DE1915C03D3D00DCA702 /* HUDs02-Info.plist */,
				7FD7DE1A15C03D3D00DCA702 /* InfoPlist.strings */,
				7FD7DE1D15C03D3D00DCA702 /* main.m */,
				7FD7DE1F15C03D3D00DCA702 /* HUDs02-Prefix.pch */,
			);
			name = "Supporting Files";
			sourceTree = "<group>";
		};
		7FD7DE4215C05B3400DCA702 /* Reference Grids */ = {
			isa = PBXGroup;
			children = (
				7FD7DE4315C05B4900DCA702 /* key01.png */,
			);
			name = "Reference Grids";
			sourceTree = "<group>";
		};
		7FD7DE4715C0642100DCA702 /* Colors */ = {
			isa = PBXGroup;
			children = (
				7FD7DE2F15C0405400DCA702 /* UIColor-Expanded.h */,
				7FD7DE3015C0405400DCA702 /* UIColor-Expanded.m */,
				7FD7DE3115C0405400DCA702 /* UIColor+Crayons.h */,
				7FD7DE3215C0405400DCA702 /* UIColor+Crayons.m */,
			);
			name = Colors;
			sourceTree = "<group>";
		};
/* End PBXGroup section */

/* Begin PBXNativeTarget section */
		7FD7DE0C15C03D3D00DCA702 /* HUDs02 */ = {
			isa = PBXNativeTarget;
			buildConfigurationList = 7FD7DE2515C03D3D00DCA702 /* Build configuration list for PBXNativeTarget "HUDs02" */;
			buildPhases = (
				7FD7DE0915C03D3D00DCA702 /* Sources */,
				7FD7DE0A15C03D3D00DCA702 /* Frameworks */,
				7FD7DE0B15C03D3D00DCA702 /* Resources */,
			);
			buildRules = (
			);
			dependencies = (
			);
			name = HUDs02;
			productName = HUDs02;
			productReference = 7FD7DE0D15C03D3D00DCA702 /* HUDs02.app */;
			productType = "com.apple.product-type.application";
		};
/* End PBXNativeTarget section */

/* Begin PBXProject section */
		7FD7DE0415C03D3D00DCA702 /* Project object */ = {
			isa = PBXProject;
			attributes = {
				LastUpgradeCheck = 0430;
			};
			buildConfigurationList = 7FD7DE0715C03D3D00DCA702 /* Build configuration list for PBXProject "HUDs02" */;
			compatibilityVersion = "Xcode 3.2";
			developmentRegion = English;
			hasScannedForEncodings = 0;
			knownRegions = (
				en,
			);
			mainGroup = 7FD7DE0215C03D3D00DCA702;
			productRefGroup = 7FD7DE0E15C03D3D00DCA702 /* Products */;
			projectDirPath = "";
			projectRoot = "";
			targets = (
				7FD7DE0C15C03D3D00DCA702 /* HUDs02 */,
			);
		};
/* End PBXProject section */

/* Begin PBXResourcesBuildPhase section */
		7FD7DE0B15C03D3D00DCA702 /* Resources */ = {
			isa = PBXResourcesBuildPhase;
			buildActionMask = 2147483647;
			files = (
				7FD7DE1C15C03D3D00DCA702 /* InfoPlist.strings in Resources */,
				7FD7DE2E15C03DBB00DCA702 /* RootViewController.xib in Resources */,
				7FD7DE3D15C042DE00DCA702 /* RandomViewController.xib in Resources */,
				7FD7DE4515C05B4900DCA702 /* key01.png in Resources */,
			);
			runOnlyForDeploymentPostprocessing = 0;
		};
/* End PBXResourcesBuildPhase section */

/* Begin PBXSourcesBuildPhase section */
		7FD7DE0915C03D3D00DCA702 /* Sources */ = {
			isa = PBXSourcesBuildPhase;
			buildActionMask = 2147483647;
			files = (
				7FD7DE1E15C03D3D00DCA702 /* main.m in Sources */,
				7FD7DE2215C03D3D00DCA702 /* AppDelegate.m in Sources */,
				7FD7DE2D15C03DBB00DCA702 /* RootViewController.m in Sources */,
				7FD7DE3315C0405400DCA702 /* UIColor-Expanded.m in Sources */,
				7FD7DE3415C0405400DCA702 /* UIColor+Crayons.m in Sources */,
				7FD7DE3C15C042DE00DCA702 /* RandomViewController.m in Sources */,
				7FD7DE4015C0465100DCA702 /* ContentKey.m in Sources */,
			);
			runOnlyForDeploymentPostprocessing = 0;
		};
/* End PBXSourcesBuildPhase section */

/* Begin PBXVariantGroup section */
		7FD7DE1A15C03D3D00DCA702 /* InfoPlist.strings */ = {
			isa = PBXVariantGroup;
			children = (
				7FD7DE1B15C03D3D00DCA702 /* en */,
			);
			name = InfoPlist.strings;
			sourceTree = "<group>";
		};
/* End PBXVariantGroup section */

/* Begin XCBuildConfiguration section */
		7FD7DE2315C03D3D00DCA702 /* Debug */ = {
			isa = XCBuildConfiguration;
			buildSettings = {
				ALWAYS_SEARCH_USER_PATHS = NO;
				ARCHS = "$(ARCHS_STANDARD_32_BIT)";
				CLANG_ENABLE_OBJC_ARC = YES;
				"CODE_SIGN_IDENTITY[sdk=iphoneos*]" = "iPhone Developer";
				COPY_PHASE_STRIP = NO;
				GCC_C_LANGUAGE_STANDARD = gnu99;
				GCC_DYNAMIC_NO_PIC = NO;
				GCC_OPTIMIZATION_LEVEL = 0;
				GCC_PREPROCESSOR_DEFINITIONS = (
					"DEBUG=1",
					"$(inherited)",
				);
				GCC_SYMBOLS_PRIVATE_EXTERN = NO;
				GCC_VERSION = com.apple.compilers.llvm.clang.1_0;
				GCC_WARN_ABOUT_RETURN_TYPE = YES;
				GCC_WARN_UNINITIALIZED_AUTOS = YES;
				GCC_WARN_UNUSED_VARIABLE = YES;
				IPHONEOS_DEPLOYMENT_TARGET = 5.1;
				SDKROOT = iphoneos;
				TARGETED_DEVICE_FAMILY = 2;
			};
			name = Debug;
		};
		7FD7DE2415C03D3D00DCA702 /* Release */ = {
			isa = XCBuildConfiguration;
			buildSettings = {
				ALWAYS_SEARCH_USER_PATHS = NO;
				ARCHS = "$(ARCHS_STANDARD_32_BIT)";
				CLANG_ENABLE_OBJC_ARC = YES;
				"CODE_SIGN_IDENTITY[sdk=iphoneos*]" = "iPhone Developer";
				COPY_PHASE_STRIP = YES;
				GCC_C_LANGUAGE_STANDARD = gnu99;
				GCC_VERSION = com.apple.compilers.llvm.clang.1_0;
				GCC_WARN_ABOUT_RETURN_TYPE = YES;
				GCC_WARN_UNINITIALIZED_AUTOS = YES;
				GCC_WARN_UNUSED_VARIABLE = YES;
				IPHONEOS_DEPLOYMENT_TARGET = 5.1;
				OTHER_CFLAGS = "-DNS_BLOCK_ASSERTIONS=1";
				SDKROOT = iphoneos;
				TARGETED_DEVICE_FAMILY = 2;
				VALIDATE_PRODUCT = YES;
			};
			name = Release;
		};
		7FD7DE2615C03D3D00DCA702 /* Debug */ = {
			isa = XCBuildConfiguration;
			buildSettings = {
				GCC_PRECOMPILE_PREFIX_HEADER = YES;
				GCC_PREFIX_HEADER = "HUDs02/HUDs02-Prefix.pch";
				INFOPLIST_FILE = "HUDs02/HUDs02-Info.plist";
				PRODUCT_NAME = "$(TARGET_NAME)";
				WRAPPER_EXTENSION = app;
			};
			name = Debug;
		};
		7FD7DE2715C03D3D00DCA702 /* Release */ = {
			isa = XCBuildConfiguration;
			buildSettings = {
				GCC_PRECOMPILE_PREFIX_HEADER = YES;
				GCC_PREFIX_HEADER = "HUDs02/HUDs02-Prefix.pch";
				INFOPLIST_FILE = "HUDs02/HUDs02-Info.plist";
				PRODUCT_NAME = "$(TARGET_NAME)";
				WRAPPER_EXTENSION = app;
			};
			name = Release;
		};
/* End XCBuildConfiguration section */

/* Begin XCConfigurationList section */
		7FD7DE0715C03D3D00DCA702 /* Build configuration list for PBXProject "HUDs02" */ = {
			isa = XCConfigurationList;
			buildConfigurations = (
				7FD7DE2315C03D3D00DCA702 /* Debug */,
				7FD7DE2415C03D3D00DCA702 /* Release */,
			);
			defaultConfigurationIsVisible = 0;
			defaultConfigurationName = Release;
		};
		7FD7DE2515C03D3D00DCA702 /* Build configuration list for PBXNativeTarget "HUDs02" */ = {
			isa = XCConfigurationList;
			buildConfigurations = (
				7FD7DE2615C03D3D00DCA702 /* Debug */,
				7FD7DE2715C03D3D00DCA702 /* Release */,
			);
			defaultConfigurationIsVisible = 0;
		};
/* End XCConfigurationList section */
	};
	rootObject = 7FD7DE0415C03D3D00DCA702 /* Project object */;
}
